
Microsoft Visual Studio Solution File, Format Version 11.00
# Visual C# Express 2010
Project("{FAE04EC0-301F-11D3-BF4B-00C04F79EFBC}") = "RattlerManagement", "RattlerManagement\RattlerManagement.csproj", "{0928A27A-2670-4BF3-BBBA-BE350341A58D}"
EndProject
Global
	GlobalSection(SolutionConfigurationPlatforms) = preSolution
		Debug|Any CPU = Debug|Any CPU
		Release|Any CPU = Release|Any CPU
	EndGlobalSection
	GlobalSection(ProjectConfigurationPlatforms) = postSolution
		{0928A27A-2670-4BF3-BBBA-BE350341A58D}.Debug|Any CPU.ActiveCfg = Debug|Any CPU
		{0928A27A-2670-4BF3-BBBA-BE350341A58D}.Debug|Any CPU.Build.0 = Debug|Any CPU
		{0928A27A-2670-4BF3-BBBA-BE350341A58D}.Release|Any CPU.ActiveCfg = Release|Any CPU
		{0928A27A-2670-4BF3-BBBA-BE350341A58D}.Release|Any CPU.Build.0 = Release|Any CPU
	EndGlobalSection
	GlobalSection(SolutionProperties) = preSolution
		HideSolutionNode = FALSE
	EndGlobalSection
EndGlobal
